
Microsoft Visual Studio Solution File, Format Version 12.00
# Visual Studio Version 17
VisualStudioVersion = 17.6.33723.286
MinimumVisualStudioVersion = 10.0.40219.1
Project("{FAE04EC0-301F-11D3-BF4B-00C04F79EFBC}") = "1-Builder", "1-Builder\1-Builder.csproj", "{080BD8AD-521E-47C1-B743-EA6E17556959}"
EndProject
Global
	GlobalSection(SolutionConfigurationPlatforms) = preSolution
		Debug|Any CPU = Debug|Any CPU
		Release|Any CPU = Release|Any CPU
	EndGlobalSection
	GlobalSection(ProjectConfigurationPlatforms) = postSolution
		{080BD8AD-521E-47C1-B743-EA6E17556959}.Debug|Any CPU.ActiveCfg = Debug|Any CPU
		{080BD8AD-521E-47C1-B743-EA6E17556959}.Debug|Any CPU.Build.0 = Debug|Any CPU
		{080BD8AD-521E-47C1-B743-EA6E17556959}.Release|Any CPU.ActiveCfg = Release|Any CPU
		{080BD8AD-521E-47C1-B743-EA6E17556959}.Release|Any CPU.Build.0 = Release|Any CPU
	EndGlobalSection
	GlobalSection(SolutionProperties) = preSolution
		HideSolutionNode = FALSE
	EndGlobalSection
	GlobalSection(ExtensibilityGlobals) = postSolution
		SolutionGuid = {0C4B9C01-F7B6-4F09-B882-5D7F9B97B180}
	EndGlobalSection
EndGlobal
